// !$*UTF8*$!
{
	archiveVersion = 1;
	classes = {
	};
	objectVersion = 46;
	objects = {

/* Begin PBXBuildFile section */
		C19B7990183578F000DFEE17 /* Foundation.framework in Frameworks */ = {isa = PBXBuildFile; fileRef = C19B798F183578F000DFEE17 /* Foundation.framework */; };
		C19B7992183578F000DFEE17 /* CoreGraphics.framework in Frameworks */ = {isa = PBXBuildFile; fileRef = C19B7991183578F000DFEE17 /* CoreGraphics.framework */; };
		C19B7994183578F000DFEE17 /* UIKit.framework in Frameworks */ = {isa = PBXBuildFile; fileRef = C19B7993183578F000DFEE17 /* UIKit.framework */; };
		C19B799A183578F000DFEE17 /* InfoPlist.strings in Resources */ = {isa = PBXBuildFile; fileRef = C19B7998183578F000DFEE17 /* InfoPlist.strings */; };
		C19B799C183578F000DFEE17 /* main.m in Sources */ = {isa = PBXBuildFile; fileRef = C19B799B183578F000DFEE17 /* main.m */; };
		C19B79A0183578F000DFEE17 /* SAAppDelegate.m in Sources */ = {isa = PBXBuildFile; fileRef = C19B799F183578F000DFEE17 /* SAAppDelegate.m */; };
		C19B79A3183578F000DFEE17 /* Main.storyboard in Resources */ = {isa = PBXBuildFile; fileRef = C19B79A1183578F000DFEE17 /* Main.storyboard */; };
		C19B79A6183578F000DFEE17 /* SAViewController.m in Sources */ = {isa = PBXBuildFile; fileRef = C19B79A5183578F000DFEE17 /* SAViewController.m */; };
		C19B79A8183578F000DFEE17 /* Images.xcassets in Resources */ = {isa = PBXBuildFile; fileRef = C19B79A7183578F000DFEE17 /* Images.xcassets */; };
		C19B79AF183578F000DFEE17 /* XCTest.framework in Frameworks */ = {isa = PBXBuildFile; fileRef = C19B79AE183578F000DFEE17 /* XCTest.framework */; };
		C19B79B0183578F000DFEE17 /* Foundation.framework in Frameworks */ = {isa = PBXBuildFile; fileRef = C19B798F183578F000DFEE17 /* Foundation.framework */; };
		C19B79B1183578F000DFEE17 /* UIKit.framework in Frameworks */ = {isa = PBXBuildFile; fileRef = C19B7993183578F000DFEE17 /* UIKit.framework */; };
		C19B79B9183578F000DFEE17 /* InfoPlist.strings in Resources */ = {isa = PBXBuildFile; fileRef = C19B79B7183578F000DFEE17 /* InfoPlist.strings */; };
		C19B79BB183578F000DFEE17 /* Twitter_Sentiment_AnalyzerTests.m in Sources */ = {isa = PBXBuildFile; fileRef = C19B79BA183578F000DFEE17 /* Twitter_Sentiment_AnalyzerTests.m */; };
		C19B79C71835810000DFEE17 /* scores_list.plist in Resources */ = {isa = PBXBuildFile; fileRef = C19B79C61835810000DFEE17 /* scores_list.plist */; };
		C19B79E0183586B600DFEE17 /* NSString+STTwitter.m in Sources */ = {isa = PBXBuildFile; fileRef = C19B79CA183586B600DFEE17 /* NSString+STTwitter.m */; };
		C19B79E1183586B600DFEE17 /* STHTTPRequest+STTwitter.m in Sources */ = {isa = PBXBuildFile; fileRef = C19B79CC183586B600DFEE17 /* STHTTPRequest+STTwitter.m */; };
		C19B79E2183586B600DFEE17 /* STTwitterAPI.m in Sources */ = {isa = PBXBuildFile; fileRef = C19B79CF183586B600DFEE17 /* STTwitterAPI.m */; };
		C19B79E3183586B600DFEE17 /* STTwitterAppOnly.m in Sources */ = {isa = PBXBuildFile; fileRef = C19B79D1183586B600DFEE17 /* STTwitterAppOnly.m */; };
		C19B79E4183586B600DFEE17 /* STTwitterHTML.m in Sources */ = {isa = PBXBuildFile; fileRef = C19B79D3183586B600DFEE17 /* STTwitterHTML.m */; };
		C19B79E5183586B600DFEE17 /* STTwitterOAuth.m in Sources */ = {isa = PBXBuildFile; fileRef = C19B79D5183586B600DFEE17 /* STTwitterOAuth.m */; };
		C19B79E6183586B600DFEE17 /* STTwitterOS.m in Sources */ = {isa = PBXBuildFile; fileRef = C19B79D7183586B600DFEE17 /* STTwitterOS.m */; };
		C19B79E7183586B600DFEE17 /* BAVPlistNode.m in Sources */ = {isa = PBXBuildFile; fileRef = C19B79DB183586B600DFEE17 /* BAVPlistNode.m */; };
		C19B79E8183586B600DFEE17 /* JSONSyntaxHighlight.m in Sources */ = {isa = PBXBuildFile; fileRef = C19B79DD183586B600DFEE17 /* JSONSyntaxHighlight.m */; };
		C19B79E9183586B600DFEE17 /* STHTTPRequest.m in Sources */ = {isa = PBXBuildFile; fileRef = C19B79DF183586B600DFEE17 /* STHTTPRequest.m */; };
/* End PBXBuildFile section */

/* Begin PBXContainerItemProxy section */
		C19B79B2183578F000DFEE17 /* PBXContainerItemProxy */ = {
			isa = PBXContainerItemProxy;
			containerPortal = C19B7984183578F000DFEE17 /* Project object */;
			proxyType = 1;
			remoteGlobalIDString = C19B798B183578F000DFEE17;
			remoteInfo = "Twitter Sentiment Analyzer";
		};
/* End PBXContainerItemProxy section */

/* Begin PBXFileReference section */
		C19B798C183578F000DFEE17 /* Twitter Sentiment Analyzer.app */ = {isa = PBXFileReference; explicitFileType = wrapper.application; includeInIndex = 0; path = "Twitter Sentiment Analyzer.app"; sourceTree = BUILT_PRODUCTS_DIR; };
		C19B798F183578F000DFEE17 /* Foundation.framework */ = {isa = PBXFileReference; lastKnownFileType = wrapper.framework; name = Foundation.framework; path = System/Library/Frameworks/Foundation.framework; sourceTree = SDKROOT; };
		C19B7991183578F000DFEE17 /* CoreGraphics.framework */ = {isa = PBXFileReference; lastKnownFileType = wrapper.framework; name = CoreGraphics.framework; path = System/Library/Frameworks/CoreGraphics.framework; sourceTree = SDKROOT; };
		C19B7993183578F000DFEE17 /* UIKit.framework */ = {isa = PBXFileReference; lastKnownFileType = wrapper.framework; name = UIKit.framework; path = System/Library/Frameworks/UIKit.framework; sourceTree = SDKROOT; };
		C19B7997183578F000DFEE17 /* Twitter Sentiment Analyzer-Info.plist */ = {isa = PBXFileReference; lastKnownFileType = text.plist.xml; path = "Twitter Sentiment Analyzer-Info.plist"; sourceTree = "<group>"; };
		C19B7999183578F000DFEE17 /* en */ = {isa = PBXFileReference; lastKnownFileType = text.plist.strings; name = en; path = en.lproj/InfoPlist.strings; sourceTree = "<group>"; };
		C19B799B183578F000DFEE17 /* main.m */ = {isa = PBXFileReference; lastKnownFileType = sourcecode.c.objc; path = main.m; sourceTree = "<group>"; };
		C19B799D183578F000DFEE17 /* Twitter Sentiment Analyzer-Prefix.pch */ = {isa = PBXFileReference; lastKnownFileType = sourcecode.c.h; path = "Twitter Sentiment Analyzer-Prefix.pch"; sourceTree = "<group>"; };
		C19B799E183578F000DFEE17 /* SAAppDelegate.h */ = {isa = PBXFileReference; lastKnownFileType = sourcecode.c.h; path = SAAppDelegate.h; sourceTree = "<group>"; };
		C19B799F183578F000DFEE17 /* SAAppDelegate.m */ = {isa = PBXFileReference; lastKnownFileType = sourcecode.c.objc; path = SAAppDelegate.m; sourceTree = "<group>"; };
		C19B79A2183578F000DFEE17 /* Base */ = {isa = PBXFileReference; lastKnownFileType = file.storyboard; name = Base; path = Base.lproj/Main.storyboard; sourceTree = "<group>"; };
		C19B79A4183578F000DFEE17 /* SAViewController.h */ = {isa = PBXFileReference; lastKnownFileType = sourcecode.c.h; path = SAViewController.h; sourceTree = "<group>"; };
		C19B79A5183578F000DFEE17 /* SAViewController.m */ = {isa = PBXFileReference; lastKnownFileType = sourcecode.c.objc; path = SAViewController.m; sourceTree = "<group>"; };
		C19B79A7183578F000DFEE17 /* Images.xcassets */ = {isa = PBXFileReference; lastKnownFileType = folder.assetcatalog; path = Images.xcassets; sourceTree = "<group>"; };
		C19B79AD183578F000DFEE17 /* Twitter Sentiment AnalyzerTests.xctest */ = {isa = PBXFileReference; explicitFileType = wrapper.cfbundle; includeInIndex = 0; path = "Twitter Sentiment AnalyzerTests.xctest"; sourceTree = BUILT_PRODUCTS_DIR; };
		C19B79AE183578F000DFEE17 /* XCTest.framework */ = {isa = PBXFileReference; lastKnownFileType = wrapper.framework; name = XCTest.framework; path = Library/Frameworks/XCTest.framework; sourceTree = DEVELOPER_DIR; };
		C19B79B6183578F000DFEE17 /* Twitter Sentiment AnalyzerTests-Info.plist */ = {isa = PBXFileReference; lastKnownFileType = text.plist.xml; path = "Twitter Sentiment AnalyzerTests-Info.plist"; sourceTree = "<group>"; };
		C19B79B8183578F000DFEE17 /* en */ = {isa = PBXFileReference; lastKnownFileType = text.plist.strings; name = en; path = en.lproj/InfoPlist.strings; sourceTree = "<group>"; };
		C19B79BA183578F000DFEE17 /* Twitter_Sentiment_AnalyzerTests.m */ = {isa = PBXFileReference; lastKnownFileType = sourcecode.c.objc; path = Twitter_Sentiment_AnalyzerTests.m; sourceTree = "<group>"; };
		C19B79C61835810000DFEE17 /* scores_list.plist */ = {isa = PBXFileReference; fileEncoding = 4; lastKnownFileType = text.plist.xml; path = scores_list.plist; sourceTree = "<group>"; };
		C19B79C9183586B600DFEE17 /* NSString+STTwitter.h */ = {isa = PBXFileReference; fileEncoding = 4; lastKnownFileType = sourcecode.c.h; path = "NSString+STTwitter.h"; sourceTree = "<group>"; };
		C19B79CA183586B600DFEE17 /* NSString+STTwitter.m */ = {isa = PBXFileReference; fileEncoding = 4; lastKnownFileType = sourcecode.c.objc; path = "NSString+STTwitter.m"; sourceTree = "<group>"; };
		C19B79CB183586B600DFEE17 /* STHTTPRequest+STTwitter.h */ = {isa = PBXFileReference; fileEncoding = 4; lastKnownFileType = sourcecode.c.h; path = "STHTTPRequest+STTwitter.h"; sourceTree = "<group>"; };
		C19B79CC183586B600DFEE17 /* STHTTPRequest+STTwitter.m */ = {isa = PBXFileReference; fileEncoding = 4; lastKnownFileType = sourcecode.c.objc; path = "STHTTPRequest+STTwitter.m"; sourceTree = "<group>"; };
		C19B79CD183586B600DFEE17 /* STTwitter.h */ = {isa = PBXFileReference; fileEncoding = 4; lastKnownFileType = sourcecode.c.h; path = STTwitter.h; sourceTree = "<group>"; };
		C19B79CE183586B600DFEE17 /* STTwitterAPI.h */ = {isa = PBXFileReference; fileEncoding = 4; lastKnownFileType = sourcecode.c.h; path = STTwitterAPI.h; sourceTree = "<group>"; };
		C19B79CF183586B600DFEE17 /* STTwitterAPI.m */ = {isa = PBXFileReference; fileEncoding = 4; lastKnownFileType = sourcecode.c.objc; path = STTwitterAPI.m; sourceTree = "<group>"; };
		C19B79D0183586B600DFEE17 /* STTwitterAppOnly.h */ = {isa = PBXFileReference; fileEncoding = 4; lastKnownFileType = sourcecode.c.h; path = STTwitterAppOnly.h; sourceTree = "<group>"; };
		C19B79D1183586B600DFEE17 /* STTwitterAppOnly.m */ = {isa = PBXFileReference; fileEncoding = 4; lastKnownFileType = sourcecode.c.objc; path = STTwitterAppOnly.m; sourceTree = "<group>"; };
		C19B79D2183586B600DFEE17 /* STTwitterHTML.h */ = {isa = PBXFileReference; fileEncoding = 4; lastKnownFileType = sourcecode.c.h; path = STTwitterHTML.h; sourceTree = "<group>"; };
		C19B79D3183586B600DFEE17 /* STTwitterHTML.m */ = {isa = PBXFileReference; fileEncoding = 4; lastKnownFileType = sourcecode.c.objc; path = STTwitterHTML.m; sourceTree = "<group>"; };
		C19B79D4183586B600DFEE17 /* STTwitterOAuth.h */ = {isa = PBXFileReference; fileEncoding = 4; lastKnownFileType = sourcecode.c.h; path = STTwitterOAuth.h; sourceTree = "<group>"; };
		C19B79D5183586B600DFEE17 /* STTwitterOAuth.m */ = {isa = PBXFileReference; fileEncoding = 4; lastKnownFileType = sourcecode.c.objc; path = STTwitterOAuth.m; sourceTree = "<group>"; };
		C19B79D6183586B600DFEE17 /* STTwitterOS.h */ = {isa = PBXFileReference; fileEncoding = 4; lastKnownFileType = sourcecode.c.h; path = STTwitterOS.h; sourceTree = "<group>"; };
		C19B79D7183586B600DFEE17 /* STTwitterOS.m */ = {isa = PBXFileReference; fileEncoding = 4; lastKnownFileType = sourcecode.c.objc; path = STTwitterOS.m; sourceTree = "<group>"; };
		C19B79D8183586B600DFEE17 /* STTwitterProtocol.h */ = {isa = PBXFileReference; fileEncoding = 4; lastKnownFileType = sourcecode.c.h; path = STTwitterProtocol.h; sourceTree = "<group>"; };
		C19B79DA183586B600DFEE17 /* BAVPlistNode.h */ = {isa = PBXFileReference; fileEncoding = 4; lastKnownFileType = sourcecode.c.h; path = BAVPlistNode.h; sourceTree = "<group>"; };
		C19B79DB183586B600DFEE17 /* BAVPlistNode.m */ = {isa = PBXFileReference; fileEncoding = 4; lastKnownFileType = sourcecode.c.objc; path = BAVPlistNode.m; sourceTree = "<group>"; };
		C19B79DC183586B600DFEE17 /* JSONSyntaxHighlight.h */ = {isa = PBXFileReference; fileEncoding = 4; lastKnownFileType = sourcecode.c.h; path = JSONSyntaxHighlight.h; sourceTree = "<group>"; };
		C19B79DD183586B600DFEE17 /* JSONSyntaxHighlight.m */ = {isa = PBXFileReference; fileEncoding = 4; lastKnownFileType = sourcecode.c.objc; path = JSONSyntaxHighlight.m; sourceTree = "<group>"; };
		C19B79DE183586B600DFEE17 /* STHTTPRequest.h */ = {isa = PBXFileReference; fileEncoding = 4; lastKnownFileType = sourcecode.c.h; path = STHTTPRequest.h; sourceTree = "<group>"; };
		C19B79DF183586B600DFEE17 /* STHTTPRequest.m */ = {isa = PBXFileReference; fileEncoding = 4; lastKnownFileType = sourcecode.c.objc; path = STHTTPRequest.m; sourceTree = "<group>"; };
/* End PBXFileReference section */

/* Begin PBXFrameworksBuildPhase section */
		C19B7989183578F000DFEE17 /* Frameworks */ = {
			isa = PBXFrameworksBuildPhase;
			buildActionMask = 2147483647;
			files = (
				C19B7992183578F000DFEE17 /* CoreGraphics.framework in Frameworks */,
				C19B7994183578F000DFEE17 /* UIKit.framework in Frameworks */,
				C19B7990183578F000DFEE17 /* Foundation.framework in Frameworks */,
			);
			runOnlyForDeploymentPostprocessing = 0;
		};
		C19B79AA183578F000DFEE17 /* Frameworks */ = {
			isa = PBXFrameworksBuildPhase;
			buildActionMask = 2147483647;
			files = (
				C19B79AF183578F000DFEE17 /* XCTest.framework in Frameworks */,
				C19B79B1183578F000DFEE17 /* UIKit.framework in Frameworks */,
				C19B79B0183578F000DFEE17 /* Foundation.framework in Frameworks */,
			);
			runOnlyForDeploymentPostprocessing = 0;
		};
/* End PBXFrameworksBuildPhase section */

/* Begin PBXGroup section */
		C19B7983183578F000DFEE17 = {
			isa = PBXGroup;
			children = (
				C19B79C8183586B600DFEE17 /* STTwitter */,
				C19B7995183578F000DFEE17 /* Twitter Sentiment Analyzer */,
				C19B79B4183578F000DFEE17 /* Twitter Sentiment AnalyzerTests */,
				C19B798E183578F000DFEE17 /* Frameworks */,
				C19B798D183578F000DFEE17 /* Products */,
			);
			sourceTree = "<group>";
		};
		C19B798D183578F000DFEE17 /* Products */ = {
			isa = PBXGroup;
			children = (
				C19B798C183578F000DFEE17 /* Twitter Sentiment Analyzer.app */,
				C19B79AD183578F000DFEE17 /* Twitter Sentiment AnalyzerTests.xctest */,
			);
			name = Products;
			sourceTree = "<group>";
		};
		C19B798E183578F000DFEE17 /* Frameworks */ = {
			isa = PBXGroup;
			children = (
				C19B798F183578F000DFEE17 /* Foundation.framework */,
				C19B7991183578F000DFEE17 /* CoreGraphics.framework */,
				C19B7993183578F000DFEE17 /* UIKit.framework */,
				C19B79AE183578F000DFEE17 /* XCTest.framework */,
			);
			name = Frameworks;
			sourceTree = "<group>";
		};
		C19B7995183578F000DFEE17 /* Twitter Sentiment Analyzer */ = {
			isa = PBXGroup;
			children = (
				C19B799E183578F000DFEE17 /* SAAppDelegate.h */,
				C19B799F183578F000DFEE17 /* SAAppDelegate.m */,
				C19B79A1183578F000DFEE17 /* Main.storyboard */,
				C19B79A4183578F000DFEE17 /* SAViewController.h */,
				C19B79A5183578F000DFEE17 /* SAViewController.m */,
				C19B79A7183578F000DFEE17 /* Images.xcassets */,
				C19B7996183578F000DFEE17 /* Supporting Files */,
			);
			path = "Twitter Sentiment Analyzer";
			sourceTree = "<group>";
		};
		C19B7996183578F000DFEE17 /* Supporting Files */ = {
			isa = PBXGroup;
			children = (
				C19B79C61835810000DFEE17 /* scores_list.plist */,
				C19B7997183578F000DFEE17 /* Twitter Sentiment Analyzer-Info.plist */,
				C19B7998183578F000DFEE17 /* InfoPlist.strings */,
				C19B799B183578F000DFEE17 /* main.m */,
				C19B799D183578F000DFEE17 /* Twitter Sentiment Analyzer-Prefix.pch */,
			);
			name = "Supporting Files";
			sourceTree = "<group>";
		};
		C19B79B4183578F000DFEE17 /* Twitter Sentiment AnalyzerTests */ = {
			isa = PBXGroup;
			children = (
				C19B79BA183578F000DFEE17 /* Twitter_Sentiment_AnalyzerTests.m */,
				C19B79B5183578F000DFEE17 /* Supporting Files */,
			);
			path = "Twitter Sentiment AnalyzerTests";
			sourceTree = "<group>";
		};
		C19B79B5183578F000DFEE17 /* Supporting Files */ = {
			isa = PBXGroup;
			children = (
				C19B79B6183578F000DFEE17 /* Twitter Sentiment AnalyzerTests-Info.plist */,
				C19B79B7183578F000DFEE17 /* InfoPlist.strings */,
			);
			name = "Supporting Files";
			sourceTree = "<group>";
		};
		C19B79C8183586B600DFEE17 /* STTwitter */ = {
			isa = PBXGroup;
			children = (
				C19B79C9183586B600DFEE17 /* NSString+STTwitter.h */,
				C19B79CA183586B600DFEE17 /* NSString+STTwitter.m */,
				C19B79CB183586B600DFEE17 /* STHTTPRequest+STTwitter.h */,
				C19B79CC183586B600DFEE17 /* STHTTPRequest+STTwitter.m */,
				C19B79CD183586B600DFEE17 /* STTwitter.h */,
				C19B79CE183586B600DFEE17 /* STTwitterAPI.h */,
				C19B79CF183586B600DFEE17 /* STTwitterAPI.m */,
				C19B79D0183586B600DFEE17 /* STTwitterAppOnly.h */,
				C19B79D1183586B600DFEE17 /* STTwitterAppOnly.m */,
				C19B79D2183586B600DFEE17 /* STTwitterHTML.h */,
				C19B79D3183586B600DFEE17 /* STTwitterHTML.m */,
				C19B79D4183586B600DFEE17 /* STTwitterOAuth.h */,
				C19B79D5183586B600DFEE17 /* STTwitterOAuth.m */,
				C19B79D6183586B600DFEE17 /* STTwitterOS.h */,
				C19B79D7183586B600DFEE17 /* STTwitterOS.m */,
				C19B79D8183586B600DFEE17 /* STTwitterProtocol.h */,
				C19B79D9183586B600DFEE17 /* Vendor */,
			);
			path = STTwitter;
			sourceTree = "<group>";
		};
		C19B79D9183586B600DFEE17 /* Vendor */ = {
			isa = PBXGroup;
			children = (
				C19B79DA183586B600DFEE17 /* BAVPlistNode.h */,
				C19B79DB183586B600DFEE17 /* BAVPlistNode.m */,
				C19B79DC183586B600DFEE17 /* JSONSyntaxHighlight.h */,
				C19B79DD183586B600DFEE17 /* JSONSyntaxHighlight.m */,
				C19B79DE183586B600DFEE17 /* STHTTPRequest.h */,
				C19B79DF183586B600DFEE17 /* STHTTPRequest.m */,
			);
			path = Vendor;
			sourceTree = "<group>";
		};
/* End PBXGroup section */

/* Begin PBXNativeTarget section */
		C19B798B183578F000DFEE17 /* Twitter Sentiment Analyzer */ = {
			isa = PBXNativeTarget;
			buildConfigurationList = C19B79BE183578F000DFEE17 /* Build configuration list for PBXNativeTarget "Twitter Sentiment Analyzer" */;
			buildPhases = (
				C19B7988183578F000DFEE17 /* Sources */,
				C19B7989183578F000DFEE17 /* Frameworks */,
				C19B798A183578F000DFEE17 /* Resources */,
			);
			buildRules = (
			);
			dependencies = (
			);
			name = "Twitter Sentiment Analyzer";
			productName = "Twitter Sentiment Analyzer";
			productReference = C19B798C183578F000DFEE17 /* Twitter Sentiment Analyzer.app */;
			productType = "com.apple.product-type.application";
		};
		C19B79AC183578F000DFEE17 /* Twitter Sentiment AnalyzerTests */ = {
			isa = PBXNativeTarget;
			buildConfigurationList = C19B79C1183578F000DFEE17 /* Build configuration list for PBXNativeTarget "Twitter Sentiment AnalyzerTests" */;
			buildPhases = (
				C19B79A9183578F000DFEE17 /* Sources */,
				C19B79AA183578F000DFEE17 /* Frameworks */,
				C19B79AB183578F000DFEE17 /* Resources */,
			);
			buildRules = (
			);
			dependencies = (
				C19B79B3183578F000DFEE17 /* PBXTargetDependency */,
			);
			name = "Twitter Sentiment AnalyzerTests";
			productName = "Twitter Sentiment AnalyzerTests";
			productReference = C19B79AD183578F000DFEE17 /* Twitter Sentiment AnalyzerTests.xctest */;
			productType = "com.apple.product-type.bundle.unit-test";
		};
/* End PBXNativeTarget section */

/* Begin PBXProject section */
		C19B7984183578F000DFEE17 /* Project object */ = {
			isa = PBXProject;
			attributes = {
				CLASSPREFIX = SA;
				LastUpgradeCheck = 0500;
				ORGANIZATIONNAME = "Joe Loftus";
				TargetAttributes = {
					C19B79AC183578F000DFEE17 = {
						TestTargetID = C19B798B183578F000DFEE17;
					};
				};
			};
			buildConfigurationList = C19B7987183578F000DFEE17 /* Build configuration list for PBXProject "Twitter Sentiment Analyzer" */;
			compatibilityVersion = "Xcode 3.2";
			developmentRegion = English;
			hasScannedForEncodings = 0;
			knownRegions = (
				en,
				Base,
			);
			mainGroup = C19B7983183578F000DFEE17;
			productRefGroup = C19B798D183578F000DFEE17 /* Products */;
			projectDirPath = "";
			projectRoot = "";
			targets = (
				C19B798B183578F000DFEE17 /* Twitter Sentiment Analyzer */,
				C19B79AC183578F000DFEE17 /* Twitter Sentiment AnalyzerTests */,
			);
		};
/* End PBXProject section */

/* Begin PBXResourcesBuildPhase section */
		C19B798A183578F000DFEE17 /* Resources */ = {
			isa = PBXResourcesBuildPhase;
			buildActionMask = 2147483647;
			files = (
				C19B79A8183578F000DFEE17 /* Images.xcassets in Resources */,
				C19B79C71835810000DFEE17 /* scores_list.plist in Resources */,
				C19B799A183578F000DFEE17 /* InfoPlist.strings in Resources */,
				C19B79A3183578F000DFEE17 /* Main.storyboard in Resources */,
			);
			runOnlyForDeploymentPostprocessing = 0;
		};
		C19B79AB183578F000DFEE17 /* Resources */ = {
			isa = PBXResourcesBuildPhase;
			buildActionMask = 2147483647;
			files = (
				C19B79B9183578F000DFEE17 /* InfoPlist.strings in Resources */,
			);
			runOnlyForDeploymentPostprocessing = 0;
		};
/* End PBXResourcesBuildPhase section */

/* Begin PBXSourcesBuildPhase section */
		C19B7988183578F000DFEE17 /* Sources */ = {
			isa = PBXSourcesBuildPhase;
			buildActionMask = 2147483647;
			files = (
				C19B79E0183586B600DFEE17 /* NSString+STTwitter.m in Sources */,
				C19B79E4183586B600DFEE17 /* STTwitterHTML.m in Sources */,
				C19B79E2183586B600DFEE17 /* STTwitterAPI.m in Sources */,
				C19B79E9183586B600DFEE17 /* STHTTPRequest.m in Sources */,
				C19B79E5183586B600DFEE17 /* STTwitterOAuth.m in Sources */,
				C19B79A0183578F000DFEE17 /* SAAppDelegate.m in Sources */,
				C19B79E8183586B600DFEE17 /* JSONSyntaxHighlight.m in Sources */,
				C19B79A6183578F000DFEE17 /* SAViewController.m in Sources */,
				C19B79E3183586B600DFEE17 /* STTwitterAppOnly.m in Sources */,
				C19B799C183578F000DFEE17 /* main.m in Sources */,
				C19B79E7183586B600DFEE17 /* BAVPlistNode.m in Sources */,
				C19B79E6183586B600DFEE17 /* STTwitterOS.m in Sources */,
				C19B79E1183586B600DFEE17 /* STHTTPRequest+STTwitter.m in Sources */,
			);
			runOnlyForDeploymentPostprocessing = 0;
		};
		C19B79A9183578F000DFEE17 /* Sources */ = {
			isa = PBXSourcesBuildPhase;
			buildActionMask = 2147483647;
			files = (
				C19B79BB183578F000DFEE17 /* Twitter_Sentiment_AnalyzerTests.m in Sources */,
			);
			runOnlyForDeploymentPostprocessing = 0;
		};
/* End PBXSourcesBuildPhase section */

/* Begin PBXTargetDependency section */
		C19B79B3183578F000DFEE17 /* PBXTargetDependency */ = {
			isa = PBXTargetDependency;
			target = C19B798B183578F000DFEE17 /* Twitter Sentiment Analyzer */;
			targetProxy = C19B79B2183578F000DFEE17 /* PBXContainerItemProxy */;
		};
/* End PBXTargetDependency section */

/* Begin PBXVariantGroup section */
		C19B7998183578F000DFEE17 /* InfoPlist.strings */ = {
			isa = PBXVariantGroup;
			children = (
				C19B7999183578F000DFEE17 /* en */,
			);
			name = InfoPlist.strings;
			sourceTree = "<group>";
		};
		C19B79A1183578F000DFEE17 /* Main.storyboard */ = {
			isa = PBXVariantGroup;
			children = (
				C19B79A2183578F000DFEE17 /* Base */,
			);
			name = Main.storyboard;
			sourceTree = "<group>";
		};
		C19B79B7183578F000DFEE17 /* InfoPlist.strings */ = {
			isa = PBXVariantGroup;
			children = (
				C19B79B8183578F000DFEE17 /* en */,
			);
			name = InfoPlist.strings;
			sourceTree = "<group>";
		};
/* End PBXVariantGroup section */

/* Begin XCBuildConfiguration section */
		C19B79BC183578F000DFEE17 /* Debug */ = {
			isa = XCBuildConfiguration;
			buildSettings = {
				ALWAYS_SEARCH_USER_PATHS = NO;
				ARCHS = "$(ARCHS_STANDARD_INCLUDING_64_BIT)";
				CLANG_CXX_LANGUAGE_STANDARD = "gnu++0x";
				CLANG_CXX_LIBRARY = "libc++";
				CLANG_ENABLE_MODULES = YES;
				CLANG_ENABLE_OBJC_ARC = YES;
				CLANG_WARN_BOOL_CONVERSION = YES;
				CLANG_WARN_CONSTANT_CONVERSION = YES;
				CLANG_WARN_DIRECT_OBJC_ISA_USAGE = YES_ERROR;
				CLANG_WARN_EMPTY_BODY = YES;
				CLANG_WARN_ENUM_CONVERSION = YES;
				CLANG_WARN_INT_CONVERSION = YES;
				CLANG_WARN_OBJC_ROOT_CLASS = YES_ERROR;
				CLANG_WARN__DUPLICATE_METHOD_MATCH = YES;
				"CODE_SIGN_IDENTITY[sdk=iphoneos*]" = "iPhone Developer";
				COPY_PHASE_STRIP = NO;
				GCC_C_LANGUAGE_STANDARD = gnu99;
				GCC_DYNAMIC_NO_PIC = NO;
				GCC_OPTIMIZATION_LEVEL = 0;
				GCC_PREPROCESSOR_DEFINITIONS = (
					"DEBUG=1",
					"$(inherited)",
				);
				GCC_SYMBOLS_PRIVATE_EXTERN = NO;
				GCC_WARN_64_TO_32_BIT_CONVERSION = YES;
				GCC_WARN_ABOUT_RETURN_TYPE = YES_ERROR;
				GCC_WARN_UNDECLARED_SELECTOR = YES;
				GCC_WARN_UNINITIALIZED_AUTOS = YES;
				GCC_WARN_UNUSED_FUNCTION = YES;
				GCC_WARN_UNUSED_VARIABLE = YES;
				IPHONEOS_DEPLOYMENT_TARGET = 7.0;
				ONLY_ACTIVE_ARCH = YES;
				SDKROOT = iphoneos;
			};
			name = Debug;
		};
		C19B79BD183578F000DFEE17 /* Release */ = {
			isa = XCBuildConfiguration;
			buildSettings = {
				ALWAYS_SEARCH_USER_PATHS = NO;
				ARCHS = "$(ARCHS_STANDARD_INCLUDING_64_BIT)";
				CLANG_CXX_LANGUAGE_STANDARD = "gnu++0x";
				CLANG_CXX_LIBRARY = "libc++";
				CLANG_ENABLE_MODULES = YES;
				CLANG_ENABLE_OBJC_ARC = YES;
				CLANG_WARN_BOOL_CONVERSION = YES;
				CLANG_WARN_CONSTANT_CONVERSION = YES;
				CLANG_WARN_DIRECT_OBJC_ISA_USAGE = YES_ERROR;
				CLANG_WARN_EMPTY_BODY = YES;
				CLANG_WARN_ENUM_CONVERSION = YES;
				CLANG_WARN_INT_CONVERSION = YES;
				CLANG_WARN_OBJC_ROOT_CLASS = YES_ERROR;
				CLANG_WARN__DUPLICATE_METHOD_MATCH = YES;
				"CODE_SIGN_IDENTITY[sdk=iphoneos*]" = "iPhone Developer";
				COPY_PHASE_STRIP = YES;
				ENABLE_NS_ASSERTIONS = NO;
				GCC_C_LANGUAGE_STANDARD = gnu99;
				GCC_WARN_64_TO_32_BIT_CONVERSION = YES;
				GCC_WARN_ABOUT_RETURN_TYPE = YES_ERROR;
				GCC_WARN_UNDECLARED_SELECTOR = YES;
				GCC_WARN_UNINITIALIZED_AUTOS = YES;
				GCC_WARN_UNUSED_FUNCTION = YES;
				GCC_WARN_UNUSED_VARIABLE = YES;
				IPHONEOS_DEPLOYMENT_TARGET = 7.0;
				SDKROOT = iphoneos;
				VALIDATE_PRODUCT = YES;
			};
			name = Release;
		};
		C19B79BF183578F000DFEE17 /* Debug */ = {
			isa = XCBuildConfiguration;
			buildSettings = {
				ASSETCATALOG_COMPILER_APPICON_NAME = AppIcon;
				ASSETCATALOG_COMPILER_LAUNCHIMAGE_NAME = LaunchImage;
				GCC_PRECOMPILE_PREFIX_HEADER = YES;
				GCC_PREFIX_HEADER = "Twitter Sentiment Analyzer/Twitter Sentiment Analyzer-Prefix.pch";
				INFOPLIST_FILE = "Twitter Sentiment Analyzer/Twitter Sentiment Analyzer-Info.plist";
				PRODUCT_NAME = "$(TARGET_NAME)";
				WRAPPER_EXTENSION = app;
			};
			name = Debug;
		};
		C19B79C0183578F000DFEE17 /* Release */ = {
			isa = XCBuildConfiguration;
			buildSettings = {
				ASSETCATALOG_COMPILER_APPICON_NAME = AppIcon;
				ASSETCATALOG_COMPILER_LAUNCHIMAGE_NAME = LaunchImage;
				GCC_PRECOMPILE_PREFIX_HEADER = YES;
				GCC_PREFIX_HEADER = "Twitter Sentiment Analyzer/Twitter Sentiment Analyzer-Prefix.pch";
				INFOPLIST_FILE = "Twitter Sentiment Analyzer/Twitter Sentiment Analyzer-Info.plist";
				PRODUCT_NAME = "$(TARGET_NAME)";
				WRAPPER_EXTENSION = app;
			};
			name = Release;
		};
		C19B79C2183578F000DFEE17 /* Debug */ = {
			isa = XCBuildConfiguration;
			buildSettings = {
				ARCHS = "$(ARCHS_STANDARD_INCLUDING_64_BIT)";
				BUNDLE_LOADER = "$(BUILT_PRODUCTS_DIR)/Twitter Sentiment Analyzer.app/Twitter Sentiment Analyzer";
				FRAMEWORK_SEARCH_PATHS = (
					"$(SDKROOT)/Developer/Library/Frameworks",
					"$(inherited)",
					"$(DEVELOPER_FRAMEWORKS_DIR)",
				);
				GCC_PRECOMPILE_PREFIX_HEADER = YES;
				GCC_PREFIX_HEADER = "Twitter Sentiment Analyzer/Twitter Sentiment Analyzer-Prefix.pch";
				GCC_PREPROCESSOR_DEFINITIONS = (
					"DEBUG=1",
					"$(inherited)",
				);
				INFOPLIST_FILE = "Twitter Sentiment AnalyzerTests/Twitter Sentiment AnalyzerTests-Info.plist";
				PRODUCT_NAME = "$(TARGET_NAME)";
				TEST_HOST = "$(BUNDLE_LOADER)";
				WRAPPER_EXTENSION = xctest;
			};
			name = Debug;
		};
		C19B79C3183578F000DFEE17 /* Release */ = {
			isa = XCBuildConfiguration;
			buildSettings = {
				ARCHS = "$(ARCHS_STANDARD_INCLUDING_64_BIT)";
				BUNDLE_LOADER = "$(BUILT_PRODUCTS_DIR)/Twitter Sentiment Analyzer.app/Twitter Sentiment Analyzer";
				FRAMEWORK_SEARCH_PATHS = (
					"$(SDKROOT)/Developer/Library/Frameworks",
					"$(inherited)",
					"$(DEVELOPER_FRAMEWORKS_DIR)",
				);
				GCC_PRECOMPILE_PREFIX_HEADER = YES;
				GCC_PREFIX_HEADER = "Twitter Sentiment Analyzer/Twitter Sentiment Analyzer-Prefix.pch";
				INFOPLIST_FILE = "Twitter Sentiment AnalyzerTests/Twitter Sentiment AnalyzerTests-Info.plist";
				PRODUCT_NAME = "$(TARGET_NAME)";
				TEST_HOST = "$(BUNDLE_LOADER)";
				WRAPPER_EXTENSION = xctest;
			};
			name = Release;
		};
/* End XCBuildConfiguration section */

/* Begin XCConfigurationList section */
		C19B7987183578F000DFEE17 /* Build configuration list for PBXProject "Twitter Sentiment Analyzer" */ = {
			isa = XCConfigurationList;
			buildConfigurations = (
				C19B79BC183578F000DFEE17 /* Debug */,
				C19B79BD183578F000DFEE17 /* Release */,
			);
			defaultConfigurationIsVisible = 0;
			defaultConfigurationName = Release;
		};
		C19B79BE183578F000DFEE17 /* Build configuration list for PBXNativeTarget "Twitter Sentiment Analyzer" */ = {
			isa = XCConfigurationList;
			buildConfigurations = (
				C19B79BF183578F000DFEE17 /* Debug */,
				C19B79C0183578F000DFEE17 /* Release */,
			);
			defaultConfigurationIsVisible = 0;
		};
		C19B79C1183578F000DFEE17 /* Build configuration list for PBXNativeTarget "Twitter Sentiment AnalyzerTests" */ = {
			isa = XCConfigurationList;
			buildConfigurations = (
				C19B79C2183578F000DFEE17 /* Debug */,
				C19B79C3183578F000DFEE17 /* Release */,
			);
			defaultConfigurationIsVisible = 0;
		};
/* End XCConfigurationList section */
	};
	rootObject = C19B7984183578F000DFEE17 /* Project object */;
}
